{
  "version": 4,
  "terraform_version": "1.12.1",
  "serial": 3,
  "lineage": "9919204c-5d30-08ce-9544-c92e80058b8e",
  "outputs": {
    "droplet_ip": {
      "value": "188.166.227.83",
      "type": "string"
    }
  },
  "resources": [
    {
      "mode": "data",
      "type": "digitalocean_ssh_key",
      "name": "terraform",
      "provider": "provider[\"registry.terraform.io/digitalocean/digitalocean\"]",
      "instances": [
        {
          "schema_version": 0,
          "attributes": {
            "fingerprint": "ca:ce:18:48:db:69:64:d3:a7:1e:8d:70:11:62:92:01",
            "id": 48326171,
            "name": "do_terraform",
            "public_key": "ssh-ed25519 AAAAC3NzaC1lZDI1NTE5AAAAIJx6xBAtIzSNOwdO80k6SCh+mRrdv70KtI7XtKzG852F patip@DV-THINKPAD-202504"
          },
          "sensitive_attributes": [],
          "identity_schema_version": 0
        }
      ]
    },
    {
      "mode": "managed",
      "type": "digitalocean_droplet",
      "name": "my-node",
      "provider": "provider[\"registry.terraform.io/digitalocean/digitalocean\"]",
      "instances": [
        {
          "schema_version": 1,
          "attributes": {
            "backup_policy": [],
            "backups": false,
            "created_at": "2025-06-10T03:31:35Z",
            "disk": 25,
            "droplet_agent": null,
            "graceful_shutdown": false,
            "id": "501364795",
            "image": "docker-20-04",
            "ipv4_address": "188.166.227.83",
            "ipv4_address_private": "10.104.0.2",
            "ipv6": false,
            "ipv6_address": "",
            "locked": false,
            "memory": 1024,
            "monitoring": false,
            "name": "my-node",
            "price_hourly": 0.00893,
            "price_monthly": 6,
            "private_networking": true,
            "region": "sgp1",
            "resize_disk": true,
            "size": "s-1vcpu-1gb",
            "ssh_keys": [
              "48326171"
            ],
            "status": "active",
            "tags": null,
            "timeouts": null,
            "urn": "do:droplet:501364795",
            "user_data": null,
            "vcpus": 1,
            "volume_ids": [],
            "vpc_uuid": "3817ee8e-28ac-4349-9233-e58208bcba69"
          },
          "sensitive_attributes": [],
          "identity_schema_version": 0,
          "private": "eyJlMmJmYjczMC1lY2FhLTExZTYtOGY4OC0zNDM2M2JjN2M0YzAiOnsiY3JlYXRlIjozNjAwMDAwMDAwMDAwLCJkZWxldGUiOjYwMDAwMDAwMDAwLCJ1cGRhdGUiOjM2MDAwMDAwMDAwMDB9LCJzY2hlbWFfdmVyc2lvbiI6IjEifQ==",
          "dependencies": [
            "data.digitalocean_ssh_key.terraform"
          ]
        }
      ]
    },
    {
      "mode": "managed",
      "type": "digitalocean_project",
      "name": "terraform",
      "provider": "provider[\"registry.terraform.io/digitalocean/digitalocean\"]",
      "instances": [
        {
          "schema_version": 0,
          "attributes": {
            "created_at": "2025-06-10T03:32:19Z",
            "description": "A project to represent terraform demo.",
            "environment": "Production",
            "id": "f3b0cc38-da38-460e-a48b-fc115ca0a893",
            "is_default": false,
            "name": "terraform",
            "owner_id": 23198791,
            "owner_uuid": "3c57644b-8f54-4e68-b548-c8b198470a00",
            "purpose": "Web Application",
            "resources": [
              "do:droplet:501364795"
            ],
            "timeouts": null,
            "updated_at": "2025-06-10T03:32:19Z"
          },
          "sensitive_attributes": [],
          "identity_schema_version": 0,
          "private": "eyJlMmJmYjczMC1lY2FhLTExZTYtOGY4OC0zNDM2M2JjN2M0YzAiOnsiZGVsZXRlIjoxODAwMDAwMDAwMDB9fQ==",
          "dependencies": [
            "data.digitalocean_ssh_key.terraform",
            "digitalocean_droplet.my-node"
          ]
        }
      ]
    }
  ],
  "check_results": null
}
